
Microsoft Visual Studio Solution File, Format Version 12.00
# Visual Studio Version 17
VisualStudioVersion = 17.6.33815.320
MinimumVisualStudioVersion = 10.0.40219.1
Project("{FAE04EC0-301F-11D3-BF4B-00C04F79EFBC}") = "WebAPITesting", "WebAPITesting\WebAPITesting.csproj", "{C59933DA-689A-439F-861F-2879D4994419}"
EndProject
Project("{FAE04EC0-301F-11D3-BF4B-00C04F79EFBC}") = "DAL_CRUD", "DAL_CRUD\DAL_CRUD.csproj", "{7C09CC28-61A0-488A-B146-B42F14A2ED86}"
EndProject
Project("{FAE04EC0-301F-11D3-BF4B-00C04F79EFBC}") = "BAL_CRUD", "BAL_CRUD\BAL_CRUD.csproj", "{6E0C023A-13B8-4C8F-BB7C-CA95E988F785}"
EndProject
Global
	GlobalSection(SolutionConfigurationPlatforms) = preSolution
		Debug|Any CPU = Debug|Any CPU
		Release|Any CPU = Release|Any CPU
	EndGlobalSection
	GlobalSection(ProjectConfigurationPlatforms) = postSolution
		{C59933DA-689A-439F-861F-2879D4994419}.Debug|Any CPU.ActiveCfg = Debug|Any CPU
		{C59933DA-689A-439F-861F-2879D4994419}.Debug|Any CPU.Build.0 = Debug|Any CPU
		{C59933DA-689A-439F-861F-2879D4994419}.Release|Any CPU.ActiveCfg = Release|Any CPU
		{C59933DA-689A-439F-861F-2879D4994419}.Release|Any CPU.Build.0 = Release|Any CPU
		{7C09CC28-61A0-488A-B146-B42F14A2ED86}.Debug|Any CPU.ActiveCfg = Debug|Any CPU
		{7C09CC28-61A0-488A-B146-B42F14A2ED86}.Debug|Any CPU.Build.0 = Debug|Any CPU
		{7C09CC28-61A0-488A-B146-B42F14A2ED86}.Release|Any CPU.ActiveCfg = Release|Any CPU
		{7C09CC28-61A0-488A-B146-B42F14A2ED86}.Release|Any CPU.Build.0 = Release|Any CPU
		{6E0C023A-13B8-4C8F-BB7C-CA95E988F785}.Debug|Any CPU.ActiveCfg = Debug|Any CPU
		{6E0C023A-13B8-4C8F-BB7C-CA95E988F785}.Debug|Any CPU.Build.0 = Debug|Any CPU
		{6E0C023A-13B8-4C8F-BB7C-CA95E988F785}.Release|Any CPU.ActiveCfg = Release|Any CPU
		{6E0C023A-13B8-4C8F-BB7C-CA95E988F785}.Release|Any CPU.Build.0 = Release|Any CPU
	EndGlobalSection
	GlobalSection(SolutionProperties) = preSolution
		HideSolutionNode = FALSE
	EndGlobalSection
	GlobalSection(ExtensibilityGlobals) = postSolution
		SolutionGuid = {C3B80EBA-36E3-4D6F-B630-B61FDB82C2F5}
	EndGlobalSection
EndGlobal
